Microsoft Visual Studio Solution File, Format Version 11.00
# Visual Studio 2008

Project("{74D535DF-30A1-45FD-F278-FFD588D0C81A}") = "MobileGamesProject2", "Assembly-CSharp.csproj", "{3DBC17F6-1FED-10CC-5CF3-FC255721C4C1}"
EndProject
Global
	GlobalSection(SolutionConfigurationPlatforms) = preSolution
		Debug|Any CPU = Debug|Any CPU
		Release|Any CPU = Release|Any CPU
	EndGlobalSection
	GlobalSection(ProjectConfigurationPlatforms) = postSolution
		{3DBC17F6-1FED-10CC-5CF3-FC255721C4C1}.Debug|Any CPU.ActiveCfg = Debug|Any CPU
		{3DBC17F6-1FED-10CC-5CF3-FC255721C4C1}.Debug|Any CPU.Build.0 = Debug|Any CPU
		{3DBC17F6-1FED-10CC-5CF3-FC255721C4C1}.Release|Any CPU.ActiveCfg = Release|Any CPU
		{3DBC17F6-1FED-10CC-5CF3-FC255721C4C1}.Release|Any CPU.Build.0 = Release|Any CPU
	EndGlobalSection
	GlobalSection(SolutionProperties) = preSolution
		HideSolutionNode = FALSE
	EndGlobalSection
	GlobalSection(MonoDevelopProperties) = preSolution
		StartupItem = Assembly-CSharp.csproj
	EndGlobalSection
EndGlobal
