
Microsoft Visual Studio Solution File, Format Version 12.00
# Visual Studio 2015
Project("{FAE04EC0-301F-11D3-BF4B-00C04F79EFBC}") = "MobileGamesProject2.CSharp", "MobileGamesProject2.CSharp.csproj", "{9D3DA315-6051-F0B9-C5FD-09B320B1437A}"
EndProject
Global
	GlobalSection(SolutionConfigurationPlatforms) = preSolution
		Debug|Any CPU = Debug|Any CPU
		Release|Any CPU = Release|Any CPU
	EndGlobalSection
	GlobalSection(ProjectConfigurationPlatforms) = postSolution
		{9D3DA315-6051-F0B9-C5FD-09B320B1437A}.Debug|Any CPU.ActiveCfg = Debug|Any CPU
		{9D3DA315-6051-F0B9-C5FD-09B320B1437A}.Debug|Any CPU.Build.0 = Debug|Any CPU
		{9D3DA315-6051-F0B9-C5FD-09B320B1437A}.Release|Any CPU.ActiveCfg = Release|Any CPU
		{9D3DA315-6051-F0B9-C5FD-09B320B1437A}.Release|Any CPU.Build.0 = Release|Any CPU
	EndGlobalSection
	GlobalSection(SolutionProperties) = preSolution
		HideSolutionNode = FALSE
	EndGlobalSection
EndGlobal
